
Microsoft Visual Studio Solution File, Format Version 12.00
# Visual Studio Version 17
VisualStudioVersion = 17.10.35027.167
MinimumVisualStudioVersion = 10.0.40219.1
Project("{FAE04EC0-301F-11D3-BF4B-00C04F79EFBC}") = "ExcelExportConsoleApp", "ExcelExportConsoleApp\ExcelExportConsoleApp.csproj", "{05030A52-02CC-4025-826A-1D8C68736FD9}"
EndProject
Global
	GlobalSection(SolutionConfigurationPlatforms) = preSolution
		Debug|Any CPU = Debug|Any CPU
		Release|Any CPU = Release|Any CPU
	EndGlobalSection
	GlobalSection(ProjectConfigurationPlatforms) = postSolution
		{05030A52-02CC-4025-826A-1D8C68736FD9}.Debug|Any CPU.ActiveCfg = Debug|Any CPU
		{05030A52-02CC-4025-826A-1D8C68736FD9}.Debug|Any CPU.Build.0 = Debug|Any CPU
		{05030A52-02CC-4025-826A-1D8C68736FD9}.Release|Any CPU.ActiveCfg = Release|Any CPU
		{05030A52-02CC-4025-826A-1D8C68736FD9}.Release|Any CPU.Build.0 = Release|Any CPU
	EndGlobalSection
	GlobalSection(SolutionProperties) = preSolution
		HideSolutionNode = FALSE
	EndGlobalSection
	GlobalSection(ExtensibilityGlobals) = postSolution
		SolutionGuid = {05B98820-0A16-4385-8CAA-25BF79EE29A0}
	EndGlobalSection
EndGlobal
